
Microsoft Visual Studio Solution File, Format Version 12.00
# Visual Studio 14
VisualStudioVersion = 14.0.25420.1
MinimumVisualStudioVersion = 10.0.40219.1
Project("{FAE04EC0-301F-11D3-BF4B-00C04F79EFBC}") = "YesSir.Backend", "YesSir.Backend\YesSir.Backend.csproj", "{492B1B2C-A2A8-4C10-94FE-C23FE751F4AD}"
EndProject
Project("{FAE04EC0-301F-11D3-BF4B-00C04F79EFBC}") = "YesSir.CLI", "YesSir.Console\YesSir.CLI.csproj", "{6ED4DC96-D82D-4576-BB06-40EB6FF58AEC}"
EndProject
Project("{FAE04EC0-301F-11D3-BF4B-00C04F79EFBC}") = "YesSir.Shared", "YesSir.Shared\YesSir.Shared.csproj", "{36BF2595-A015-4723-AA8D-95023E89715E}"
EndProject
Project("{FAE04EC0-301F-11D3-BF4B-00C04F79EFBC}") = "YesSir.Telegram", "YesSir.Telegram\YesSir.Telegram.csproj", "{872DE413-3BB4-4FA3-82F6-BE3E2FE9D50D}"
EndProject
Global
	GlobalSection(SolutionConfigurationPlatforms) = preSolution
		Checking|Any CPU = Checking|Any CPU
		Debug|Any CPU = Debug|Any CPU
		Release|Any CPU = Release|Any CPU
	EndGlobalSection
	GlobalSection(ProjectConfigurationPlatforms) = postSolution
		{492B1B2C-A2A8-4C10-94FE-C23FE751F4AD}.Checking|Any CPU.ActiveCfg = Debug|Any CPU
		{492B1B2C-A2A8-4C10-94FE-C23FE751F4AD}.Checking|Any CPU.Build.0 = Debug|Any CPU
		{492B1B2C-A2A8-4C10-94FE-C23FE751F4AD}.Debug|Any CPU.ActiveCfg = Debug|Any CPU
		{492B1B2C-A2A8-4C10-94FE-C23FE751F4AD}.Debug|Any CPU.Build.0 = Debug|Any CPU
		{492B1B2C-A2A8-4C10-94FE-C23FE751F4AD}.Release|Any CPU.ActiveCfg = Release|Any CPU
		{492B1B2C-A2A8-4C10-94FE-C23FE751F4AD}.Release|Any CPU.Build.0 = Release|Any CPU
		{6ED4DC96-D82D-4576-BB06-40EB6FF58AEC}.Checking|Any CPU.ActiveCfg = Debug|Any CPU
		{6ED4DC96-D82D-4576-BB06-40EB6FF58AEC}.Checking|Any CPU.Build.0 = Debug|Any CPU
		{6ED4DC96-D82D-4576-BB06-40EB6FF58AEC}.Debug|Any CPU.ActiveCfg = Debug|Any CPU
		{6ED4DC96-D82D-4576-BB06-40EB6FF58AEC}.Debug|Any CPU.Build.0 = Debug|Any CPU
		{6ED4DC96-D82D-4576-BB06-40EB6FF58AEC}.Release|Any CPU.ActiveCfg = Release|Any CPU
		{6ED4DC96-D82D-4576-BB06-40EB6FF58AEC}.Release|Any CPU.Build.0 = Release|Any CPU
		{36BF2595-A015-4723-AA8D-95023E89715E}.Checking|Any CPU.ActiveCfg = Debug|Any CPU
		{36BF2595-A015-4723-AA8D-95023E89715E}.Checking|Any CPU.Build.0 = Debug|Any CPU
		{36BF2595-A015-4723-AA8D-95023E89715E}.Debug|Any CPU.ActiveCfg = Debug|Any CPU
		{36BF2595-A015-4723-AA8D-95023E89715E}.Debug|Any CPU.Build.0 = Debug|Any CPU
		{36BF2595-A015-4723-AA8D-95023E89715E}.Release|Any CPU.ActiveCfg = Release|Any CPU
		{36BF2595-A015-4723-AA8D-95023E89715E}.Release|Any CPU.Build.0 = Release|Any CPU
		{872DE413-3BB4-4FA3-82F6-BE3E2FE9D50D}.Checking|Any CPU.ActiveCfg = Debug|Any CPU
		{872DE413-3BB4-4FA3-82F6-BE3E2FE9D50D}.Checking|Any CPU.Build.0 = Debug|Any CPU
		{872DE413-3BB4-4FA3-82F6-BE3E2FE9D50D}.Debug|Any CPU.ActiveCfg = Debug|Any CPU
		{872DE413-3BB4-4FA3-82F6-BE3E2FE9D50D}.Debug|Any CPU.Build.0 = Debug|Any CPU
		{872DE413-3BB4-4FA3-82F6-BE3E2FE9D50D}.Release|Any CPU.ActiveCfg = Release|Any CPU
		{872DE413-3BB4-4FA3-82F6-BE3E2FE9D50D}.Release|Any CPU.Build.0 = Release|Any CPU
	EndGlobalSection
	GlobalSection(SolutionProperties) = preSolution
		HideSolutionNode = FALSE
	EndGlobalSection
EndGlobal
