
Microsoft Visual Studio Solution File, Format Version 12.00
# Visual Studio 14
VisualStudioVersion = 14.0.25420.1
MinimumVisualStudioVersion = 10.0.40219.1
Project("{2150E333-8FDC-42A3-9474-1A3956D46DE8}") = "src", "src", "{02DA253A-EEE7-4C82-8364-30EF31E0EDF2}"
EndProject
Project("{2150E333-8FDC-42A3-9474-1A3956D46DE8}") = "Solution Items", "Solution Items", "{0F93EBC2-9273-45B8-99CD-3E07786D42F0}"
	ProjectSection(SolutionItems) = preProject
		global.json = global.json
	EndProjectSection
EndProject
Project("{8BB2217D-0F2D-49D1-97BC-3654ED321F3B}") = "YesSir.Backend", "src\YesSir.Backend\YesSir.Backend.xproj", "{F2BEF78F-2AAB-439B-B76E-D5D96622F253}"
EndProject
Project("{8BB2217D-0F2D-49D1-97BC-3654ED321F3B}") = "YesSir.Shared", "src\YesSir.Shared\YesSir.Shared.xproj", "{258CC520-0A04-492A-AD22-B1B3B92596BC}"
EndProject
Project("{8BB2217D-0F2D-49D1-97BC-3654ED321F3B}") = "YesSir.CLI", "src\YesSir.CLI\YesSir.CLI.xproj", "{EB48B8ED-1A91-42B6-8530-1C84AAD96E2C}"
EndProject
Project("{8BB2217D-0F2D-49D1-97BC-3654ED321F3B}") = "YesSir.Telegram", "src\YesSir.Telegram\YesSir.Telegram.xproj", "{11AF0B8C-FE65-4A24-95B1-4F0F2457BFC0}"
EndProject
Project("{8BB2217D-0F2D-49D1-97BC-3654ED321F3B}") = "YesSir.Web", "src\YesSir.Web\YesSir.Web.xproj", "{79AA22E8-22AF-4F6C-8F73-670A09595410}"
EndProject
Global
	GlobalSection(SolutionConfigurationPlatforms) = preSolution
		Debug|Any CPU = Debug|Any CPU
		Release|Any CPU = Release|Any CPU
	EndGlobalSection
	GlobalSection(ProjectConfigurationPlatforms) = postSolution
		{F2BEF78F-2AAB-439B-B76E-D5D96622F253}.Debug|Any CPU.ActiveCfg = Debug|Any CPU
		{F2BEF78F-2AAB-439B-B76E-D5D96622F253}.Debug|Any CPU.Build.0 = Debug|Any CPU
		{F2BEF78F-2AAB-439B-B76E-D5D96622F253}.Release|Any CPU.ActiveCfg = Release|Any CPU
		{F2BEF78F-2AAB-439B-B76E-D5D96622F253}.Release|Any CPU.Build.0 = Release|Any CPU
		{258CC520-0A04-492A-AD22-B1B3B92596BC}.Debug|Any CPU.ActiveCfg = Debug|Any CPU
		{258CC520-0A04-492A-AD22-B1B3B92596BC}.Debug|Any CPU.Build.0 = Debug|Any CPU
		{258CC520-0A04-492A-AD22-B1B3B92596BC}.Release|Any CPU.ActiveCfg = Release|Any CPU
		{258CC520-0A04-492A-AD22-B1B3B92596BC}.Release|Any CPU.Build.0 = Release|Any CPU
		{EB48B8ED-1A91-42B6-8530-1C84AAD96E2C}.Debug|Any CPU.ActiveCfg = Debug|Any CPU
		{EB48B8ED-1A91-42B6-8530-1C84AAD96E2C}.Debug|Any CPU.Build.0 = Debug|Any CPU
		{EB48B8ED-1A91-42B6-8530-1C84AAD96E2C}.Release|Any CPU.ActiveCfg = Release|Any CPU
		{EB48B8ED-1A91-42B6-8530-1C84AAD96E2C}.Release|Any CPU.Build.0 = Release|Any CPU
		{11AF0B8C-FE65-4A24-95B1-4F0F2457BFC0}.Debug|Any CPU.ActiveCfg = Debug|Any CPU
		{11AF0B8C-FE65-4A24-95B1-4F0F2457BFC0}.Debug|Any CPU.Build.0 = Debug|Any CPU
		{11AF0B8C-FE65-4A24-95B1-4F0F2457BFC0}.Release|Any CPU.ActiveCfg = Release|Any CPU
		{11AF0B8C-FE65-4A24-95B1-4F0F2457BFC0}.Release|Any CPU.Build.0 = Release|Any CPU
		{79AA22E8-22AF-4F6C-8F73-670A09595410}.Debug|Any CPU.ActiveCfg = Debug|Any CPU
		{79AA22E8-22AF-4F6C-8F73-670A09595410}.Debug|Any CPU.Build.0 = Debug|Any CPU
		{79AA22E8-22AF-4F6C-8F73-670A09595410}.Release|Any CPU.ActiveCfg = Release|Any CPU
		{79AA22E8-22AF-4F6C-8F73-670A09595410}.Release|Any CPU.Build.0 = Release|Any CPU
	EndGlobalSection
	GlobalSection(SolutionProperties) = preSolution
		HideSolutionNode = FALSE
	EndGlobalSection
	GlobalSection(NestedProjects) = preSolution
		{F2BEF78F-2AAB-439B-B76E-D5D96622F253} = {02DA253A-EEE7-4C82-8364-30EF31E0EDF2}
		{258CC520-0A04-492A-AD22-B1B3B92596BC} = {02DA253A-EEE7-4C82-8364-30EF31E0EDF2}
		{EB48B8ED-1A91-42B6-8530-1C84AAD96E2C} = {02DA253A-EEE7-4C82-8364-30EF31E0EDF2}
		{11AF0B8C-FE65-4A24-95B1-4F0F2457BFC0} = {02DA253A-EEE7-4C82-8364-30EF31E0EDF2}
		{79AA22E8-22AF-4F6C-8F73-670A09595410} = {02DA253A-EEE7-4C82-8364-30EF31E0EDF2}
	EndGlobalSection
EndGlobal
